
Microsoft Visual Studio Solution File, Format Version 12.00
# Visual Studio 2013
VisualStudioVersion = 12.0.21005.1
MinimumVisualStudioVersion = 10.0.40219.1
Project("{2150E333-8FDC-42A3-9474-1A3956D46DE8}") = "Client", "Client", "{22687E54-F773-4FF0-9956-E2F65050EC89}"
EndProject
Project("{2150E333-8FDC-42A3-9474-1A3956D46DE8}") = "Common", "Common", "{3B64A42B-EB32-459F-906C-FBFD5E00100B}"
EndProject
Project("{2150E333-8FDC-42A3-9474-1A3956D46DE8}") = "Repository", "Repository", "{9045FAE8-06A0-438D-B55B-3DEAA42810ED}"
EndProject
Project("{2150E333-8FDC-42A3-9474-1A3956D46DE8}") = "Web", "Web", "{F31C3358-0841-4E3B-A281-F802853B4B69}"
EndProject
Project("{2150E333-8FDC-42A3-9474-1A3956D46DE8}") = "Solution Items", "Solution Items", "{0F40AC98-4C17-414E-933A-1CEAB0D3CB3A}"
EndProject
Project("{FAE04EC0-301F-11D3-BF4B-00C04F79EFBC}") = "Core", "Core\Core.csproj", "{0FF5069D-2839-4E64-8523-B0E38FECA73F}"
EndProject
Project("{FAE04EC0-301F-11D3-BF4B-00C04F79EFBC}") = "Data", "Data\Data.csproj", "{F1456328-A51A-42A0-AEFB-5D3DA93F2561}"
EndProject
Project("{FAE04EC0-301F-11D3-BF4B-00C04F79EFBC}") = "DBProvider", "DBProvider\DBProvider.csproj", "{4325AF3E-C214-4BE6-BDEC-FE8577BC4973}"
EndProject
Project("{FAE04EC0-301F-11D3-BF4B-00C04F79EFBC}") = "Router", "Router\Router.csproj", "{87FE4258-53BC-432B-8747-AC7410009406}"
	ProjectSection(ProjectDependencies) = postProject
		{16DF5F20-FD8F-4DC7-B835-B058A6D0452D} = {16DF5F20-FD8F-4DC7-B835-B058A6D0452D}
	EndProjectSection
EndProject
Project("{FAE04EC0-301F-11D3-BF4B-00C04F79EFBC}") = "FakeRepository", "Repository\FakeRepository\FakeRepository.csproj", "{FD75E387-1A26-433A-8304-F6DC3AF329B1}"
EndProject
Project("{FAE04EC0-301F-11D3-BF4B-00C04F79EFBC}") = "RealRepository", "Repository\RealRepository\RealRepository.csproj", "{BD8DA124-E1C9-4777-B121-20B82BFB2D66}"
EndProject
Project("{FAE04EC0-301F-11D3-BF4B-00C04F79EFBC}") = "WCFRepository", "WCFRepository\WCFRepository.csproj", "{A90CCE26-5BC8-4BAA-B17A-7D3577E9FF3E}"
	ProjectSection(ProjectDependencies) = postProject
		{16DF5F20-FD8F-4DC7-B835-B058A6D0452D} = {16DF5F20-FD8F-4DC7-B835-B058A6D0452D}
	EndProjectSection
EndProject
Project("{FAE04EC0-301F-11D3-BF4B-00C04F79EFBC}") = "Router.Service", "RouterWCFServiceInstall\Router.Service.csproj", "{25284D7D-5CF3-4968-9FA4-59D828A99096}"
EndProject
Project("{FAE04EC0-301F-11D3-BF4B-00C04F79EFBC}") = "Router.WCF", "WCFServiceLibrary\Router.WCF.csproj", "{16DF5F20-FD8F-4DC7-B835-B058A6D0452D}"
EndProject
Project("{F088123C-0E9E-452A-89E6-6BA2F21D5CAC}") = "ModelingProject1", "ModelingProject1\ModelingProject1.modelproj", "{8A6D88CA-EAC9-4490-88F2-4D201FAA27C0}"
EndProject
Global
	GlobalSection(SolutionConfigurationPlatforms) = preSolution
		Debug|Any CPU = Debug|Any CPU
		Release|Any CPU = Release|Any CPU
	EndGlobalSection
	GlobalSection(ProjectConfigurationPlatforms) = postSolution
		{0FF5069D-2839-4E64-8523-B0E38FECA73F}.Debug|Any CPU.ActiveCfg = Debug|Any CPU
		{0FF5069D-2839-4E64-8523-B0E38FECA73F}.Debug|Any CPU.Build.0 = Debug|Any CPU
		{0FF5069D-2839-4E64-8523-B0E38FECA73F}.Release|Any CPU.ActiveCfg = Release|Any CPU
		{0FF5069D-2839-4E64-8523-B0E38FECA73F}.Release|Any CPU.Build.0 = Release|Any CPU
		{F1456328-A51A-42A0-AEFB-5D3DA93F2561}.Debug|Any CPU.ActiveCfg = Debug|Any CPU
		{F1456328-A51A-42A0-AEFB-5D3DA93F2561}.Debug|Any CPU.Build.0 = Debug|Any CPU
		{F1456328-A51A-42A0-AEFB-5D3DA93F2561}.Release|Any CPU.ActiveCfg = Release|Any CPU
		{F1456328-A51A-42A0-AEFB-5D3DA93F2561}.Release|Any CPU.Build.0 = Release|Any CPU
		{4325AF3E-C214-4BE6-BDEC-FE8577BC4973}.Debug|Any CPU.ActiveCfg = Debug|Any CPU
		{4325AF3E-C214-4BE6-BDEC-FE8577BC4973}.Debug|Any CPU.Build.0 = Debug|Any CPU
		{4325AF3E-C214-4BE6-BDEC-FE8577BC4973}.Release|Any CPU.ActiveCfg = Release|Any CPU
		{4325AF3E-C214-4BE6-BDEC-FE8577BC4973}.Release|Any CPU.Build.0 = Release|Any CPU
		{87FE4258-53BC-432B-8747-AC7410009406}.Debug|Any CPU.ActiveCfg = Debug|Any CPU
		{87FE4258-53BC-432B-8747-AC7410009406}.Debug|Any CPU.Build.0 = Debug|Any CPU
		{87FE4258-53BC-432B-8747-AC7410009406}.Release|Any CPU.ActiveCfg = Release|Any CPU
		{87FE4258-53BC-432B-8747-AC7410009406}.Release|Any CPU.Build.0 = Release|Any CPU
		{FD75E387-1A26-433A-8304-F6DC3AF329B1}.Debug|Any CPU.ActiveCfg = Debug|Any CPU
		{FD75E387-1A26-433A-8304-F6DC3AF329B1}.Debug|Any CPU.Build.0 = Debug|Any CPU
		{FD75E387-1A26-433A-8304-F6DC3AF329B1}.Release|Any CPU.ActiveCfg = Release|Any CPU
		{FD75E387-1A26-433A-8304-F6DC3AF329B1}.Release|Any CPU.Build.0 = Release|Any CPU
		{BD8DA124-E1C9-4777-B121-20B82BFB2D66}.Debug|Any CPU.ActiveCfg = Debug|Any CPU
		{BD8DA124-E1C9-4777-B121-20B82BFB2D66}.Debug|Any CPU.Build.0 = Debug|Any CPU
		{BD8DA124-E1C9-4777-B121-20B82BFB2D66}.Release|Any CPU.ActiveCfg = Release|Any CPU
		{BD8DA124-E1C9-4777-B121-20B82BFB2D66}.Release|Any CPU.Build.0 = Release|Any CPU
		{A90CCE26-5BC8-4BAA-B17A-7D3577E9FF3E}.Debug|Any CPU.ActiveCfg = Debug|Any CPU
		{A90CCE26-5BC8-4BAA-B17A-7D3577E9FF3E}.Debug|Any CPU.Build.0 = Debug|Any CPU
		{A90CCE26-5BC8-4BAA-B17A-7D3577E9FF3E}.Release|Any CPU.ActiveCfg = Release|Any CPU
		{A90CCE26-5BC8-4BAA-B17A-7D3577E9FF3E}.Release|Any CPU.Build.0 = Release|Any CPU
		{25284D7D-5CF3-4968-9FA4-59D828A99096}.Debug|Any CPU.ActiveCfg = Debug|Any CPU
		{25284D7D-5CF3-4968-9FA4-59D828A99096}.Debug|Any CPU.Build.0 = Debug|Any CPU
		{25284D7D-5CF3-4968-9FA4-59D828A99096}.Release|Any CPU.ActiveCfg = Release|Any CPU
		{25284D7D-5CF3-4968-9FA4-59D828A99096}.Release|Any CPU.Build.0 = Release|Any CPU
		{16DF5F20-FD8F-4DC7-B835-B058A6D0452D}.Debug|Any CPU.ActiveCfg = Debug|Any CPU
		{16DF5F20-FD8F-4DC7-B835-B058A6D0452D}.Debug|Any CPU.Build.0 = Debug|Any CPU
		{16DF5F20-FD8F-4DC7-B835-B058A6D0452D}.Release|Any CPU.ActiveCfg = Release|Any CPU
		{16DF5F20-FD8F-4DC7-B835-B058A6D0452D}.Release|Any CPU.Build.0 = Release|Any CPU
		{8A6D88CA-EAC9-4490-88F2-4D201FAA27C0}.Debug|Any CPU.ActiveCfg = Debug|Any CPU
		{8A6D88CA-EAC9-4490-88F2-4D201FAA27C0}.Debug|Any CPU.Build.0 = Debug|Any CPU
		{8A6D88CA-EAC9-4490-88F2-4D201FAA27C0}.Release|Any CPU.ActiveCfg = Release|Any CPU
		{8A6D88CA-EAC9-4490-88F2-4D201FAA27C0}.Release|Any CPU.Build.0 = Release|Any CPU
	EndGlobalSection
	GlobalSection(SolutionProperties) = preSolution
		HideSolutionNode = FALSE
	EndGlobalSection
	GlobalSection(NestedProjects) = preSolution
		{87FE4258-53BC-432B-8747-AC7410009406} = {22687E54-F773-4FF0-9956-E2F65050EC89}
		{0FF5069D-2839-4E64-8523-B0E38FECA73F} = {3B64A42B-EB32-459F-906C-FBFD5E00100B}
		{F1456328-A51A-42A0-AEFB-5D3DA93F2561} = {3B64A42B-EB32-459F-906C-FBFD5E00100B}
		{4325AF3E-C214-4BE6-BDEC-FE8577BC4973} = {3B64A42B-EB32-459F-906C-FBFD5E00100B}
		{FD75E387-1A26-433A-8304-F6DC3AF329B1} = {9045FAE8-06A0-438D-B55B-3DEAA42810ED}
		{BD8DA124-E1C9-4777-B121-20B82BFB2D66} = {9045FAE8-06A0-438D-B55B-3DEAA42810ED}
		{A90CCE26-5BC8-4BAA-B17A-7D3577E9FF3E} = {9045FAE8-06A0-438D-B55B-3DEAA42810ED}
		{25284D7D-5CF3-4968-9FA4-59D828A99096} = {F31C3358-0841-4E3B-A281-F802853B4B69}
		{16DF5F20-FD8F-4DC7-B835-B058A6D0452D} = {F31C3358-0841-4E3B-A281-F802853B4B69}
	EndGlobalSection
EndGlobal
